
Microsoft Visual Studio Solution File, Format Version 12.00
# Visual Studio Version 16
VisualStudioVersion = 16.0.30907.101
MinimumVisualStudioVersion = 10.0.40219.1
Project("{FAE04EC0-301F-11D3-BF4B-00C04F79EFBC}") = "BankAccountAPI", "BankAccountAPI\BankAccountAPI.csproj", "{D126041C-6F5E-4464-8FA1-6FB5B93669A4}"
EndProject
Global
	GlobalSection(SolutionConfigurationPlatforms) = preSolution
		Debug|Any CPU = Debug|Any CPU
		Release|Any CPU = Release|Any CPU
	EndGlobalSection
	GlobalSection(ProjectConfigurationPlatforms) = postSolution
		{D126041C-6F5E-4464-8FA1-6FB5B93669A4}.Debug|Any CPU.ActiveCfg = Debug|Any CPU
		{D126041C-6F5E-4464-8FA1-6FB5B93669A4}.Debug|Any CPU.Build.0 = Debug|Any CPU
		{D126041C-6F5E-4464-8FA1-6FB5B93669A4}.Release|Any CPU.ActiveCfg = Release|Any CPU
		{D126041C-6F5E-4464-8FA1-6FB5B93669A4}.Release|Any CPU.Build.0 = Release|Any CPU
	EndGlobalSection
	GlobalSection(SolutionProperties) = preSolution
		HideSolutionNode = FALSE
	EndGlobalSection
	GlobalSection(ExtensibilityGlobals) = postSolution
		SolutionGuid = {5C120899-7265-45C8-AD0B-BE56F30B9EA7}
	EndGlobalSection
EndGlobal
